
Microsoft Visual Studio Solution File, Format Version 12.00
# Visual Studio Version 16
VisualStudioVersion = 16.0.30804.86
MinimumVisualStudioVersion = 10.0.40219.1
Project("{8BC9CEB8-8B4A-11D0-8D11-00A0C91BC942}") = "bfcpp", "bfcpp\binancews.vcxproj", "{4FEE7169-B7C3-4FB1-A962-B0CE975D765B}"
	ProjectSection(ProjectDependencies) = postProject
		{6D01FA21-81D5-452E-B5F4-D35DA664E602} = {6D01FA21-81D5-452E-B5F4-D35DA664E602}
	EndProjectSection
EndProject
Project("{8BC9CEB8-8B4A-11D0-8D11-00A0C91BC942}") = "bfcpplib", "bfcpplib\binancewslib.vcxproj", "{6D01FA21-81D5-452E-B5F4-D35DA664E602}"
EndProject
Global
	GlobalSection(SolutionConfigurationPlatforms) = preSolution
		Debug|x64 = Debug|x64
		Debug|x86 = Debug|x86
		Release|x64 = Release|x64
		Release|x86 = Release|x86
	EndGlobalSection
	GlobalSection(ProjectConfigurationPlatforms) = postSolution
		{4FEE7169-B7C3-4FB1-A962-B0CE975D765B}.Debug|x64.ActiveCfg = Debug|x64
		{4FEE7169-B7C3-4FB1-A962-B0CE975D765B}.Debug|x64.Build.0 = Debug|x64
		{4FEE7169-B7C3-4FB1-A962-B0CE975D765B}.Debug|x86.ActiveCfg = Debug|Win32
		{4FEE7169-B7C3-4FB1-A962-B0CE975D765B}.Debug|x86.Build.0 = Debug|Win32
		{4FEE7169-B7C3-4FB1-A962-B0CE975D765B}.Release|x64.ActiveCfg = Release|x64
		{4FEE7169-B7C3-4FB1-A962-B0CE975D765B}.Release|x64.Build.0 = Release|x64
		{4FEE7169-B7C3-4FB1-A962-B0CE975D765B}.Release|x86.ActiveCfg = Release|Win32
		{4FEE7169-B7C3-4FB1-A962-B0CE975D765B}.Release|x86.Build.0 = Release|Win32
		{6D01FA21-81D5-452E-B5F4-D35DA664E602}.Debug|x64.ActiveCfg = Debug|x64
		{6D01FA21-81D5-452E-B5F4-D35DA664E602}.Debug|x64.Build.0 = Debug|x64
		{6D01FA21-81D5-452E-B5F4-D35DA664E602}.Debug|x86.ActiveCfg = Debug|Win32
		{6D01FA21-81D5-452E-B5F4-D35DA664E602}.Debug|x86.Build.0 = Debug|Win32
		{6D01FA21-81D5-452E-B5F4-D35DA664E602}.Release|x64.ActiveCfg = Release|x64
		{6D01FA21-81D5-452E-B5F4-D35DA664E602}.Release|x64.Build.0 = Release|x64
		{6D01FA21-81D5-452E-B5F4-D35DA664E602}.Release|x86.ActiveCfg = Release|Win32
		{6D01FA21-81D5-452E-B5F4-D35DA664E602}.Release|x86.Build.0 = Release|Win32
	EndGlobalSection
	GlobalSection(SolutionProperties) = preSolution
		HideSolutionNode = FALSE
	EndGlobalSection
	GlobalSection(ExtensibilityGlobals) = postSolution
		SolutionGuid = {8341C11A-B35A-4166-9E10-487057570908}
	EndGlobalSection
EndGlobal
